
Microsoft Visual Studio Solution File, Format Version 12.00
# Visual Studio Version 16
VisualStudioVersion = 16.0.29806.167
MinimumVisualStudioVersion = 10.0.40219.1
Project("{FAE04EC0-301F-11D3-BF4B-00C04F79EFBC}") = "WpfAppPCFactory", "WpfAppPCFactory\WpfAppPCFactory.csproj", "{AF68D743-9A3A-4C52-9C5E-CAC36C0B2B60}"
EndProject
Global
	GlobalSection(SolutionConfigurationPlatforms) = preSolution
		Debug|Any CPU = Debug|Any CPU
		Release|Any CPU = Release|Any CPU
	EndGlobalSection
	GlobalSection(ProjectConfigurationPlatforms) = postSolution
		{AF68D743-9A3A-4C52-9C5E-CAC36C0B2B60}.Debug|Any CPU.ActiveCfg = Debug|Any CPU
		{AF68D743-9A3A-4C52-9C5E-CAC36C0B2B60}.Debug|Any CPU.Build.0 = Debug|Any CPU
		{AF68D743-9A3A-4C52-9C5E-CAC36C0B2B60}.Release|Any CPU.ActiveCfg = Release|Any CPU
		{AF68D743-9A3A-4C52-9C5E-CAC36C0B2B60}.Release|Any CPU.Build.0 = Release|Any CPU
	EndGlobalSection
	GlobalSection(SolutionProperties) = preSolution
		HideSolutionNode = FALSE
	EndGlobalSection
	GlobalSection(ExtensibilityGlobals) = postSolution
		SolutionGuid = {7C4286FD-B545-4BAF-9D5A-9D8103DAF030}
	EndGlobalSection
EndGlobal
